
Microsoft Visual Studio Solution File, Format Version 12.00
# Visual Studio Version 16
VisualStudioVersion = 16.0.29306.81
MinimumVisualStudioVersion = 10.0.40219.1
Project("{8BC9CEB8-8B4A-11D0-8D11-00A0C91BC942}") = "kruskal", "kruskal\kruskal.vcxproj", "{412638BA-D46E-4FEC-AEFB-003B6232F06F}"
EndProject
Global
	GlobalSection(SolutionConfigurationPlatforms) = preSolution
		Debug|x64 = Debug|x64
		Debug|x86 = Debug|x86
		Release|x64 = Release|x64
		Release|x86 = Release|x86
	EndGlobalSection
	GlobalSection(ProjectConfigurationPlatforms) = postSolution
		{412638BA-D46E-4FEC-AEFB-003B6232F06F}.Debug|x64.ActiveCfg = Debug|x64
		{412638BA-D46E-4FEC-AEFB-003B6232F06F}.Debug|x64.Build.0 = Debug|x64
		{412638BA-D46E-4FEC-AEFB-003B6232F06F}.Debug|x86.ActiveCfg = Debug|Win32
		{412638BA-D46E-4FEC-AEFB-003B6232F06F}.Debug|x86.Build.0 = Debug|Win32
		{412638BA-D46E-4FEC-AEFB-003B6232F06F}.Release|x64.ActiveCfg = Release|x64
		{412638BA-D46E-4FEC-AEFB-003B6232F06F}.Release|x64.Build.0 = Release|x64
		{412638BA-D46E-4FEC-AEFB-003B6232F06F}.Release|x86.ActiveCfg = Release|Win32
		{412638BA-D46E-4FEC-AEFB-003B6232F06F}.Release|x86.Build.0 = Release|Win32
	EndGlobalSection
	GlobalSection(SolutionProperties) = preSolution
		HideSolutionNode = FALSE
	EndGlobalSection
	GlobalSection(ExtensibilityGlobals) = postSolution
		SolutionGuid = {49525653-100C-46C6-AFF0-AFC2F9FFAA50}
	EndGlobalSection
EndGlobal
